
Microsoft Visual Studio Solution File, Format Version 12.00
# Visual Studio Version 16
VisualStudioVersion = 16.0.30717.126
MinimumVisualStudioVersion = 10.0.40219.1
Project("{9A19103F-16F7-4668-BE54-9A1E7A4F7556}") = "Voxel Engine", "Voxel Engine.csproj", "{167AC2C3-7C17-4730-90DC-D6C6ECC2853F}"
EndProject
Project("{FAE04EC0-301F-11D3-BF4B-00C04F79EFBC}") = "Voxel Editor", "..\Voxel Editor\Voxel Editor.csproj", "{9E56D1F1-4148-4D29-8964-992F7E337C64}"
	ProjectSection(ProjectDependencies) = postProject
		{167AC2C3-7C17-4730-90DC-D6C6ECC2853F} = {167AC2C3-7C17-4730-90DC-D6C6ECC2853F}
	EndProjectSection
EndProject
Global
	GlobalSection(SolutionConfigurationPlatforms) = preSolution
		Debug|Any CPU = Debug|Any CPU
		Release|Any CPU = Release|Any CPU
	EndGlobalSection
	GlobalSection(ProjectConfigurationPlatforms) = postSolution
		{167AC2C3-7C17-4730-90DC-D6C6ECC2853F}.Debug|Any CPU.ActiveCfg = Debug|Any CPU
		{167AC2C3-7C17-4730-90DC-D6C6ECC2853F}.Debug|Any CPU.Build.0 = Debug|Any CPU
		{167AC2C3-7C17-4730-90DC-D6C6ECC2853F}.Release|Any CPU.ActiveCfg = Release|Any CPU
		{167AC2C3-7C17-4730-90DC-D6C6ECC2853F}.Release|Any CPU.Build.0 = Release|Any CPU
		{9E56D1F1-4148-4D29-8964-992F7E337C64}.Debug|Any CPU.ActiveCfg = Debug|Any CPU
		{9E56D1F1-4148-4D29-8964-992F7E337C64}.Debug|Any CPU.Build.0 = Debug|Any CPU
		{9E56D1F1-4148-4D29-8964-992F7E337C64}.Release|Any CPU.ActiveCfg = Release|Any CPU
		{9E56D1F1-4148-4D29-8964-992F7E337C64}.Release|Any CPU.Build.0 = Release|Any CPU
	EndGlobalSection
	GlobalSection(SolutionProperties) = preSolution
		HideSolutionNode = FALSE
	EndGlobalSection
	GlobalSection(ExtensibilityGlobals) = postSolution
		SolutionGuid = {1A2F4B02-BC11-43FA-91C2-5D23C3097ADF}
	EndGlobalSection
EndGlobal
